
Microsoft Visual Studio Solution File, Format Version 12.00
# Visual Studio Version 17
VisualStudioVersion = 17.14.36202.13
MinimumVisualStudioVersion = 10.0.40219.1
Project("{FAE04EC0-301F-11D3-BF4B-00C04F79EFBC}") = "back", "back\back.csproj", "{5C6D86BA-5F36-43A7-8D67-1C116F0D571B}"
EndProject
Global
	GlobalSection(SolutionConfigurationPlatforms) = preSolution
		Debug|Any CPU = Debug|Any CPU
		Release|Any CPU = Release|Any CPU
	EndGlobalSection
	GlobalSection(ProjectConfigurationPlatforms) = postSolution
		{5C6D86BA-5F36-43A7-8D67-1C116F0D571B}.Debug|Any CPU.ActiveCfg = Debug|Any CPU
		{5C6D86BA-5F36-43A7-8D67-1C116F0D571B}.Debug|Any CPU.Build.0 = Debug|Any CPU
		{5C6D86BA-5F36-43A7-8D67-1C116F0D571B}.Release|Any CPU.ActiveCfg = Release|Any CPU
		{5C6D86BA-5F36-43A7-8D67-1C116F0D571B}.Release|Any CPU.Build.0 = Release|Any CPU
	EndGlobalSection
	GlobalSection(SolutionProperties) = preSolution
		HideSolutionNode = FALSE
	EndGlobalSection
	GlobalSection(ExtensibilityGlobals) = postSolution
		SolutionGuid = {A0E7485D-C9FC-4DDE-9834-8DE2E02BE7D6}
	EndGlobalSection
EndGlobal
